
Microsoft Visual Studio Solution File, Format Version 12.00
# Visual Studio 15
VisualStudioVersion = 15.0.28307.271
MinimumVisualStudioVersion = 10.0.40219.1
Project("{FAE04EC0-301F-11D3-BF4B-00C04F79EFBC}") = "Christers_Paint", "Christers_Paint\Christers_Paint.csproj", "{D1C67522-5B16-4ED4-83CE-FFB69DFF222F}"
EndProject
Global
	GlobalSection(SolutionConfigurationPlatforms) = preSolution
		Debug|Any CPU = Debug|Any CPU
		Release|Any CPU = Release|Any CPU
	EndGlobalSection
	GlobalSection(ProjectConfigurationPlatforms) = postSolution
		{D1C67522-5B16-4ED4-83CE-FFB69DFF222F}.Debug|Any CPU.ActiveCfg = Debug|Any CPU
		{D1C67522-5B16-4ED4-83CE-FFB69DFF222F}.Debug|Any CPU.Build.0 = Debug|Any CPU
		{D1C67522-5B16-4ED4-83CE-FFB69DFF222F}.Release|Any CPU.ActiveCfg = Release|Any CPU
		{D1C67522-5B16-4ED4-83CE-FFB69DFF222F}.Release|Any CPU.Build.0 = Release|Any CPU
	EndGlobalSection
	GlobalSection(SolutionProperties) = preSolution
		HideSolutionNode = FALSE
	EndGlobalSection
	GlobalSection(ExtensibilityGlobals) = postSolution
		SolutionGuid = {95872D38-AC3E-4519-A791-8F004D37EE7E}
	EndGlobalSection
EndGlobal
