
Microsoft Visual Studio Solution File, Format Version 12.00
# Visual Studio 15
VisualStudioVersion = 15.0.28010.2003
MinimumVisualStudioVersion = 10.0.40219.1
Project("{FAE04EC0-301F-11D3-BF4B-00C04F79EFBC}") = "Labb 1b - Snake eyes och Yatzy", "Labb 1b - Snake eyes och Yatzy\Labb 1b - Snake eyes och Yatzy.csproj", "{BC9130CC-CF80-4A49-85F8-ECD21262A98B}"
EndProject
Global
	GlobalSection(SolutionConfigurationPlatforms) = preSolution
		Debug|Any CPU = Debug|Any CPU
		Release|Any CPU = Release|Any CPU
	EndGlobalSection
	GlobalSection(ProjectConfigurationPlatforms) = postSolution
		{BC9130CC-CF80-4A49-85F8-ECD21262A98B}.Debug|Any CPU.ActiveCfg = Debug|Any CPU
		{BC9130CC-CF80-4A49-85F8-ECD21262A98B}.Debug|Any CPU.Build.0 = Debug|Any CPU
		{BC9130CC-CF80-4A49-85F8-ECD21262A98B}.Release|Any CPU.ActiveCfg = Release|Any CPU
		{BC9130CC-CF80-4A49-85F8-ECD21262A98B}.Release|Any CPU.Build.0 = Release|Any CPU
	EndGlobalSection
	GlobalSection(SolutionProperties) = preSolution
		HideSolutionNode = FALSE
	EndGlobalSection
	GlobalSection(ExtensibilityGlobals) = postSolution
		SolutionGuid = {2E03EF9D-423A-4003-8768-1FD9F4B49D34}
	EndGlobalSection
EndGlobal
