
Microsoft Visual Studio Solution File, Format Version 12.00
# Visual Studio 2013
VisualStudioVersion = 12.0.31101.0
MinimumVisualStudioVersion = 10.0.40219.1
Project("{FAE04EC0-301F-11D3-BF4B-00C04F79EFBC}") = "Labb 6 - Inmatning sen omvandling", "Labb 6 - Inmatning sen omvandling\Labb 6 - Inmatning sen omvandling.csproj", "{5055E8D6-E19F-478A-B42C-0E5F8DB6C188}"
EndProject
Global
	GlobalSection(SolutionConfigurationPlatforms) = preSolution
		Debug|Any CPU = Debug|Any CPU
		Release|Any CPU = Release|Any CPU
	EndGlobalSection
	GlobalSection(ProjectConfigurationPlatforms) = postSolution
		{5055E8D6-E19F-478A-B42C-0E5F8DB6C188}.Debug|Any CPU.ActiveCfg = Debug|Any CPU
		{5055E8D6-E19F-478A-B42C-0E5F8DB6C188}.Debug|Any CPU.Build.0 = Debug|Any CPU
		{5055E8D6-E19F-478A-B42C-0E5F8DB6C188}.Release|Any CPU.ActiveCfg = Release|Any CPU
		{5055E8D6-E19F-478A-B42C-0E5F8DB6C188}.Release|Any CPU.Build.0 = Release|Any CPU
	EndGlobalSection
	GlobalSection(SolutionProperties) = preSolution
		HideSolutionNode = FALSE
	EndGlobalSection
EndGlobal
