
Microsoft Visual Studio Solution File, Format Version 12.00
# Visual Studio 15
VisualStudioVersion = 15.0.28307.106
MinimumVisualStudioVersion = 10.0.40219.1
Project("{FAE04EC0-301F-11D3-BF4B-00C04F79EFBC}") = "Game-bax", "Game-bax\Game-bax.csproj", "{BF6FFE3C-E90C-4C04-A2D7-5DFB50D37F5F}"
EndProject
Global
	GlobalSection(SolutionConfigurationPlatforms) = preSolution
		Debug|Any CPU = Debug|Any CPU
		Release|Any CPU = Release|Any CPU
	EndGlobalSection
	GlobalSection(ProjectConfigurationPlatforms) = postSolution
		{BF6FFE3C-E90C-4C04-A2D7-5DFB50D37F5F}.Debug|Any CPU.ActiveCfg = Debug|Any CPU
		{BF6FFE3C-E90C-4C04-A2D7-5DFB50D37F5F}.Debug|Any CPU.Build.0 = Debug|Any CPU
		{BF6FFE3C-E90C-4C04-A2D7-5DFB50D37F5F}.Release|Any CPU.ActiveCfg = Release|Any CPU
		{BF6FFE3C-E90C-4C04-A2D7-5DFB50D37F5F}.Release|Any CPU.Build.0 = Release|Any CPU
	EndGlobalSection
	GlobalSection(SolutionProperties) = preSolution
		HideSolutionNode = FALSE
	EndGlobalSection
	GlobalSection(ExtensibilityGlobals) = postSolution
		SolutionGuid = {973F2B68-BA45-4CE1-9F03-5D8DB0D8848E}
	EndGlobalSection
EndGlobal
