
Microsoft Visual Studio Solution File, Format Version 12.00
# Visual Studio 15
VisualStudioVersion = 15.0.28010.2016
MinimumVisualStudioVersion = 10.0.40219.1
Project("{FAE04EC0-301F-11D3-BF4B-00C04F79EFBC}") = "Labb 2 - Loopar med for och while", "Labb 2 - Loopar med for och while\Labb 2 - Loopar med for och while.csproj", "{AA5A1FD9-78CA-4CA0-8893-69E537A3E53C}"
EndProject
Global
	GlobalSection(SolutionConfigurationPlatforms) = preSolution
		Debug|Any CPU = Debug|Any CPU
		Release|Any CPU = Release|Any CPU
	EndGlobalSection
	GlobalSection(ProjectConfigurationPlatforms) = postSolution
		{AA5A1FD9-78CA-4CA0-8893-69E537A3E53C}.Debug|Any CPU.ActiveCfg = Debug|Any CPU
		{AA5A1FD9-78CA-4CA0-8893-69E537A3E53C}.Debug|Any CPU.Build.0 = Debug|Any CPU
		{AA5A1FD9-78CA-4CA0-8893-69E537A3E53C}.Release|Any CPU.ActiveCfg = Release|Any CPU
		{AA5A1FD9-78CA-4CA0-8893-69E537A3E53C}.Release|Any CPU.Build.0 = Release|Any CPU
	EndGlobalSection
	GlobalSection(SolutionProperties) = preSolution
		HideSolutionNode = FALSE
	EndGlobalSection
	GlobalSection(ExtensibilityGlobals) = postSolution
		SolutionGuid = {64B30628-3958-4974-A63C-9BCD05A92A43}
	EndGlobalSection
EndGlobal
