
Microsoft Visual Studio Solution File, Format Version 12.00
# Visual Studio Version 16
VisualStudioVersion = 16.0.28803.202
MinimumVisualStudioVersion = 10.0.40219.1
Project("{FAE04EC0-301F-11D3-BF4B-00C04F79EFBC}") = "Prov uppgift 4", "Prov uppgift 4.csproj", "{C5D3A0BD-2570-4D3A-BA50-09D892F5B580}"
EndProject
Global
	GlobalSection(SolutionConfigurationPlatforms) = preSolution
		Debug|Any CPU = Debug|Any CPU
		Release|Any CPU = Release|Any CPU
	EndGlobalSection
	GlobalSection(ProjectConfigurationPlatforms) = postSolution
		{C5D3A0BD-2570-4D3A-BA50-09D892F5B580}.Debug|Any CPU.ActiveCfg = Debug|Any CPU
		{C5D3A0BD-2570-4D3A-BA50-09D892F5B580}.Debug|Any CPU.Build.0 = Debug|Any CPU
		{C5D3A0BD-2570-4D3A-BA50-09D892F5B580}.Release|Any CPU.ActiveCfg = Release|Any CPU
		{C5D3A0BD-2570-4D3A-BA50-09D892F5B580}.Release|Any CPU.Build.0 = Release|Any CPU
	EndGlobalSection
	GlobalSection(SolutionProperties) = preSolution
		HideSolutionNode = FALSE
	EndGlobalSection
	GlobalSection(ExtensibilityGlobals) = postSolution
		SolutionGuid = {4605A3C2-1238-4CFC-B2E1-E73624452B27}
	EndGlobalSection
EndGlobal
